
Microsoft Visual Studio Solution File, Format Version 12.00
# Visual Studio Version 17
VisualStudioVersion = 17.11.35312.102
MinimumVisualStudioVersion = 10.0.40219.1
Project("{8BC9CEB8-8B4A-11D0-8D11-00A0C91BC942}") = "210-lab-19", "210-lab-19.vcxproj", "{D2769FD8-259B-4E6C-952E-0377AF278D74}"
EndProject
Global
	GlobalSection(SolutionConfigurationPlatforms) = preSolution
		Debug|x64 = Debug|x64
		Debug|x86 = Debug|x86
		Release|x64 = Release|x64
		Release|x86 = Release|x86
	EndGlobalSection
	GlobalSection(ProjectConfigurationPlatforms) = postSolution
		{D2769FD8-259B-4E6C-952E-0377AF278D74}.Debug|x64.ActiveCfg = Debug|x64
		{D2769FD8-259B-4E6C-952E-0377AF278D74}.Debug|x64.Build.0 = Debug|x64
		{D2769FD8-259B-4E6C-952E-0377AF278D74}.Debug|x86.ActiveCfg = Debug|Win32
		{D2769FD8-259B-4E6C-952E-0377AF278D74}.Debug|x86.Build.0 = Debug|Win32
		{D2769FD8-259B-4E6C-952E-0377AF278D74}.Release|x64.ActiveCfg = Release|x64
		{D2769FD8-259B-4E6C-952E-0377AF278D74}.Release|x64.Build.0 = Release|x64
		{D2769FD8-259B-4E6C-952E-0377AF278D74}.Release|x86.ActiveCfg = Release|Win32
		{D2769FD8-259B-4E6C-952E-0377AF278D74}.Release|x86.Build.0 = Release|Win32
	EndGlobalSection
	GlobalSection(SolutionProperties) = preSolution
		HideSolutionNode = FALSE
	EndGlobalSection
	GlobalSection(ExtensibilityGlobals) = postSolution
		SolutionGuid = {378E2EBF-A1A3-41AF-B75F-AA1F246C7DAA}
	EndGlobalSection
EndGlobal
